
Microsoft Visual Studio Solution File, Format Version 12.00
# Visual Studio 15
VisualStudioVersion = 15.0.28307.102
MinimumVisualStudioVersion = 10.0.40219.1
Project("{FAE04EC0-301F-11D3-BF4B-00C04F79EFBC}") = "PiotrowskaPAtrycjaLab1Homework", "PiotrowskaPAtrycjaLab1Homework\PiotrowskaPAtrycjaLab1Homework.csproj", "{FD2C60BB-3422-448B-BBE7-854E7CDCC187}"
EndProject
Global
	GlobalSection(SolutionConfigurationPlatforms) = preSolution
		Debug|Any CPU = Debug|Any CPU
		Release|Any CPU = Release|Any CPU
	EndGlobalSection
	GlobalSection(ProjectConfigurationPlatforms) = postSolution
		{FD2C60BB-3422-448B-BBE7-854E7CDCC187}.Debug|Any CPU.ActiveCfg = Debug|Any CPU
		{FD2C60BB-3422-448B-BBE7-854E7CDCC187}.Debug|Any CPU.Build.0 = Debug|Any CPU
		{FD2C60BB-3422-448B-BBE7-854E7CDCC187}.Release|Any CPU.ActiveCfg = Release|Any CPU
		{FD2C60BB-3422-448B-BBE7-854E7CDCC187}.Release|Any CPU.Build.0 = Release|Any CPU
	EndGlobalSection
	GlobalSection(SolutionProperties) = preSolution
		HideSolutionNode = FALSE
	EndGlobalSection
	GlobalSection(ExtensibilityGlobals) = postSolution
		SolutionGuid = {6ADB22D4-D86D-4E47-B93B-B5525CF1A024}
	EndGlobalSection
EndGlobal
