
Microsoft Visual Studio Solution File, Format Version 12.00
# Visual Studio Version 16
VisualStudioVersion = 16.0.28803.202
MinimumVisualStudioVersion = 10.0.40219.1
Project("{FAE04EC0-301F-11D3-BF4B-00C04F79EFBC}") = "PiotrowskaPatrycjaLab2Homework", "PiotrowskaPatrycjaLab2Homework\PiotrowskaPatrycjaLab2Homework.csproj", "{AAEA49B0-6E6F-40AC-A541-652DEB6A837F}"
EndProject
Global
	GlobalSection(SolutionConfigurationPlatforms) = preSolution
		Debug|Any CPU = Debug|Any CPU
		Release|Any CPU = Release|Any CPU
	EndGlobalSection
	GlobalSection(ProjectConfigurationPlatforms) = postSolution
		{AAEA49B0-6E6F-40AC-A541-652DEB6A837F}.Debug|Any CPU.ActiveCfg = Debug|Any CPU
		{AAEA49B0-6E6F-40AC-A541-652DEB6A837F}.Debug|Any CPU.Build.0 = Debug|Any CPU
		{AAEA49B0-6E6F-40AC-A541-652DEB6A837F}.Release|Any CPU.ActiveCfg = Release|Any CPU
		{AAEA49B0-6E6F-40AC-A541-652DEB6A837F}.Release|Any CPU.Build.0 = Release|Any CPU
	EndGlobalSection
	GlobalSection(SolutionProperties) = preSolution
		HideSolutionNode = FALSE
	EndGlobalSection
	GlobalSection(ExtensibilityGlobals) = postSolution
		SolutionGuid = {E69C834D-12D5-451B-80B9-112F9AD62C77}
	EndGlobalSection
EndGlobal
